// !$*UTF8*$!
{
	archiveVersion = 1;
	classes = {
	};
	objectVersion = 51;
	objects = {

/* Begin PBXBuildFile section */
		1F43D78F2509240300B747AA /* AppDelegate.swift in Sources */ = {isa = PBXBuildFile; fileRef = 1F43D78E2509240300B747AA /* AppDelegate.swift */; };
		1F43D7912509240300B747AA /* SceneDelegate.swift in Sources */ = {isa = PBXBuildFile; fileRef = 1F43D7902509240300B747AA /* SceneDelegate.swift */; };
		1F43D7932509240300B747AA /* ContentView.swift in Sources */ = {isa = PBXBuildFile; fileRef = 1F43D7922509240300B747AA /* ContentView.swift */; };
		1F43D7952509240300B747AA /* Assets.xcassets in Resources */ = {isa = PBXBuildFile; fileRef = 1F43D7942509240300B747AA /* Assets.xcassets */; };
		1F43D7982509240300B747AA /* Preview Assets.xcassets in Resources */ = {isa = PBXBuildFile; fileRef = 1F43D7972509240300B747AA /* Preview Assets.xcassets */; };
		1F43D79B2509240300B747AA /* LaunchScreen.storyboard in Resources */ = {isa = PBXBuildFile; fileRef = 1F43D7992509240300B747AA /* LaunchScreen.storyboard */; };
		1F43D7A62509240300B747AA /* fysh_iosTests.swift in Sources */ = {isa = PBXBuildFile; fileRef = 1F43D7A52509240300B747AA /* fysh_iosTests.swift */; };
		27E4B07DA59413910E5BFF60 /* Pods_fysh_iosTests.framework in Frameworks */ = {isa = PBXBuildFile; fileRef = BC4532F4FAE1740B10C1EB66 /* Pods_fysh_iosTests.framework */; };
		2F176160D571D6C585342449 /* Pods_fysh_ios.framework in Frameworks */ = {isa = PBXBuildFile; fileRef = FFF992BD23819C458103EA25 /* Pods_fysh_ios.framework */; };
		697364EB6F004E6794D19AB6 /* amplifyconfiguration.json in Resources */ = {isa = PBXBuildFile; fileRef = 2D757E0CD35144F8A4795BA1 /* amplifyconfiguration.json */; };
		C9758E21A76941498BE91909 /* awsconfiguration.json in Resources */ = {isa = PBXBuildFile; fileRef = 20A539E2FD714788802E10F9 /* awsconfiguration.json */; };
/* End PBXBuildFile section */

/* Begin PBXContainerItemProxy section */
		1F43D7A22509240300B747AA /* PBXContainerItemProxy */ = {
			isa = PBXContainerItemProxy;
			containerPortal = 1F43D7832509240300B747AA /* Project object */;
			proxyType = 1;
			remoteGlobalIDString = 1F43D78A2509240300B747AA;
			remoteInfo = "fysh-ios";
		};
/* End PBXContainerItemProxy section */

/* Begin PBXFileReference section */
		1F43D78B2509240300B747AA /* fysh-ios.app */ = {isa = PBXFileReference; explicitFileType = wrapper.application; includeInIndex = 0; path = "fysh-ios.app"; sourceTree = BUILT_PRODUCTS_DIR; };
		1F43D78E2509240300B747AA /* AppDelegate.swift */ = {isa = PBXFileReference; lastKnownFileType = sourcecode.swift; path = AppDelegate.swift; sourceTree = "<group>"; };
		1F43D7902509240300B747AA /* SceneDelegate.swift */ = {isa = PBXFileReference; lastKnownFileType = sourcecode.swift; path = SceneDelegate.swift; sourceTree = "<group>"; };
		1F43D7922509240300B747AA /* ContentView.swift */ = {isa = PBXFileReference; lastKnownFileType = sourcecode.swift; path = ContentView.swift; sourceTree = "<group>"; };
		1F43D7942509240300B747AA /* Assets.xcassets */ = {isa = PBXFileReference; lastKnownFileType = folder.assetcatalog; path = Assets.xcassets; sourceTree = "<group>"; };
		1F43D7972509240300B747AA /* Preview Assets.xcassets */ = {isa = PBXFileReference; lastKnownFileType = folder.assetcatalog; path = "Preview Assets.xcassets"; sourceTree = "<group>"; };
		1F43D79A2509240300B747AA /* Base */ = {isa = PBXFileReference; lastKnownFileType = file.storyboard; name = Base; path = Base.lproj/LaunchScreen.storyboard; sourceTree = "<group>"; };
		1F43D79C2509240300B747AA /* Info.plist */ = {isa = PBXFileReference; lastKnownFileType = text.plist.xml; path = Info.plist; sourceTree = "<group>"; };
		1F43D7A12509240300B747AA /* fysh-iosTests.xctest */ = {isa = PBXFileReference; explicitFileType = wrapper.cfbundle; includeInIndex = 0; path = "fysh-iosTests.xctest"; sourceTree = BUILT_PRODUCTS_DIR; };
		1F43D7A52509240300B747AA /* fysh_iosTests.swift */ = {isa = PBXFileReference; lastKnownFileType = sourcecode.swift; path = fysh_iosTests.swift; sourceTree = "<group>"; };
		1F43D7A72509240300B747AA /* Info.plist */ = {isa = PBXFileReference; lastKnownFileType = text.plist.xml; path = Info.plist; sourceTree = "<group>"; };
		1F9CE7E2C55DB84D164AB86E /* Pods-fysh-ios.release.xcconfig */ = {isa = PBXFileReference; includeInIndex = 1; lastKnownFileType = text.xcconfig; name = "Pods-fysh-ios.release.xcconfig"; path = "Target Support Files/Pods-fysh-ios/Pods-fysh-ios.release.xcconfig"; sourceTree = "<group>"; };
		4D18B1518A42FA0E01983362 /* Pods-fysh-iosTests.release.xcconfig */ = {isa = PBXFileReference; includeInIndex = 1; lastKnownFileType = text.xcconfig; name = "Pods-fysh-iosTests.release.xcconfig"; path = "Target Support Files/Pods-fysh-iosTests/Pods-fysh-iosTests.release.xcconfig"; sourceTree = "<group>"; };
		BC4532F4FAE1740B10C1EB66 /* Pods_fysh_iosTests.framework */ = {isa = PBXFileReference; explicitFileType = wrapper.framework; includeInIndex = 0; path = Pods_fysh_iosTests.framework; sourceTree = BUILT_PRODUCTS_DIR; };
		D5AC3859EEE02566A0DC99FA /* Pods-fysh-ios.debug.xcconfig */ = {isa = PBXFileReference; includeInIndex = 1; lastKnownFileType = text.xcconfig; name = "Pods-fysh-ios.debug.xcconfig"; path = "Target Support Files/Pods-fysh-ios/Pods-fysh-ios.debug.xcconfig"; sourceTree = "<group>"; };
		F8B1A040DACF3F85ADB67C5F /* Pods-fysh-iosTests.debug.xcconfig */ = {isa = PBXFileReference; includeInIndex = 1; lastKnownFileType = text.xcconfig; name = "Pods-fysh-iosTests.debug.xcconfig"; path = "Target Support Files/Pods-fysh-iosTests/Pods-fysh-iosTests.debug.xcconfig"; sourceTree = "<group>"; };
		FFF992BD23819C458103EA25 /* Pods_fysh_ios.framework */ = {isa = PBXFileReference; explicitFileType = wrapper.framework; includeInIndex = 0; path = Pods_fysh_ios.framework; sourceTree = BUILT_PRODUCTS_DIR; };
		E2B9FEA7CA3647A3A72C40BE /* amplifytools.xcconfig */ = {isa = PBXFileReference; name = "amplifytools.xcconfig"; path = "amplifytools.xcconfig"; sourceTree = "<group>"; fileEncoding = 4; lastKnownFileType = text.xcconfig; explicitFileType = undefined; includeInIndex = 0; };
		2D757E0CD35144F8A4795BA1 /* amplifyconfiguration.json */ = {isa = PBXFileReference; name = "amplifyconfiguration.json"; path = "amplifyconfiguration.json"; sourceTree = "<group>"; fileEncoding = undefined; lastKnownFileType = unknown; explicitFileType = undefined; includeInIndex = 0; };
		20A539E2FD714788802E10F9 /* awsconfiguration.json */ = {isa = PBXFileReference; name = "awsconfiguration.json"; path = "awsconfiguration.json"; sourceTree = "<group>"; fileEncoding = undefined; lastKnownFileType = unknown; explicitFileType = undefined; includeInIndex = 0; };
		1859234B98984319A22A2696 /* schema.graphql */ = {isa = PBXFileReference; name = "schema.graphql"; path = "amplify/backend/api/amplifyDatasource/schema.graphql"; sourceTree = "<group>"; fileEncoding = 4; lastKnownFileType = text; explicitFileType = undefined; includeInIndex = 0; };
/* End PBXFileReference section */

/* Begin PBXFrameworksBuildPhase section */
		1F43D7882509240300B747AA /* Frameworks */ = {
			isa = PBXFrameworksBuildPhase;
			buildActionMask = 2147483647;
			files = (
				2F176160D571D6C585342449 /* Pods_fysh_ios.framework in Frameworks */,
			);
			runOnlyForDeploymentPostprocessing = 0;
		};
		1F43D79E2509240300B747AA /* Frameworks */ = {
			isa = PBXFrameworksBuildPhase;
			buildActionMask = 2147483647;
			files = (
				27E4B07DA59413910E5BFF60 /* Pods_fysh_iosTests.framework in Frameworks */,
			);
			runOnlyForDeploymentPostprocessing = 0;
		};
/* End PBXFrameworksBuildPhase section */

/* Begin PBXGroup section */
		1F43D7822509240300B747AA = {
			isa = PBXGroup;
			children = (
				2B0324F43A014CEFAB6009AC /* AmplifyConfig */,
				1F43D78D2509240300B747AA /* fysh-ios */,
				1F43D7A42509240300B747AA /* fysh-iosTests */,
				1F43D78C2509240300B747AA /* Products */,
				240874D2988A346A16A05E4A /* Pods */,
				FE3394843C95D7C9112DB482 /* Frameworks */,
			);
			sourceTree = "<group>";
		};
		1F43D78C2509240300B747AA /* Products */ = {
			isa = PBXGroup;
			children = (
				1F43D78B2509240300B747AA /* fysh-ios.app */,
				1F43D7A12509240300B747AA /* fysh-iosTests.xctest */,
			);
			name = Products;
			sourceTree = "<group>";
		};
		1F43D78D2509240300B747AA /* fysh-ios */ = {
			isa = PBXGroup;
			children = (
				1F43D78E2509240300B747AA /* AppDelegate.swift */,
				1F43D7902509240300B747AA /* SceneDelegate.swift */,
				1F43D7922509240300B747AA /* ContentView.swift */,
				1F43D7942509240300B747AA /* Assets.xcassets */,
				1F43D7992509240300B747AA /* LaunchScreen.storyboard */,
				1F43D79C2509240300B747AA /* Info.plist */,
				1F43D7962509240300B747AA /* Preview Content */,
			);
			path = "fysh-ios";
			sourceTree = "<group>";
		};
		1F43D7962509240300B747AA /* Preview Content */ = {
			isa = PBXGroup;
			children = (
				1F43D7972509240300B747AA /* Preview Assets.xcassets */,
			);
			path = "Preview Content";
			sourceTree = "<group>";
		};
		1F43D7A42509240300B747AA /* fysh-iosTests */ = {
			isa = PBXGroup;
			children = (
				1F43D7A52509240300B747AA /* fysh_iosTests.swift */,
				1F43D7A72509240300B747AA /* Info.plist */,
			);
			path = "fysh-iosTests";
			sourceTree = "<group>";
		};
		240874D2988A346A16A05E4A /* Pods */ = {
			isa = PBXGroup;
			children = (
				D5AC3859EEE02566A0DC99FA /* Pods-fysh-ios.debug.xcconfig */,
				1F9CE7E2C55DB84D164AB86E /* Pods-fysh-ios.release.xcconfig */,
				F8B1A040DACF3F85ADB67C5F /* Pods-fysh-iosTests.debug.xcconfig */,
				4D18B1518A42FA0E01983362 /* Pods-fysh-iosTests.release.xcconfig */,
			);
			path = Pods;
			sourceTree = "<group>";
		};
		FE3394843C95D7C9112DB482 /* Frameworks */ = {
			isa = PBXGroup;
			children = (
				FFF992BD23819C458103EA25 /* Pods_fysh_ios.framework */,
				BC4532F4FAE1740B10C1EB66 /* Pods_fysh_iosTests.framework */,
			);
			name = Frameworks;
			sourceTree = "<group>";
		};
		2B0324F43A014CEFAB6009AC /* AmplifyConfig */ = {
			isa = PBXGroup;
			children = (
				E2B9FEA7CA3647A3A72C40BE /* amplifytools.xcconfig */,
				2D757E0CD35144F8A4795BA1 /* amplifyconfiguration.json */,
				20A539E2FD714788802E10F9 /* awsconfiguration.json */,
				1859234B98984319A22A2696 /* schema.graphql */,
			);
			name = AmplifyConfig;
			path = .;
			sourceTree = "<group>";
		};
		FCAEF25C95F04DFC978CE714 /* Resources */ = {
			isa = PBXGroup;
			children = (
			);
			name = Resources;
			path = undefined;
			sourceTree = "<group>";
		};
/* End PBXGroup section */

/* Begin PBXNativeTarget section */
		1F43D78A2509240300B747AA /* fysh-ios */ = {
			isa = PBXNativeTarget;
			buildConfigurationList = 1F43D7AA2509240300B747AA /* Build configuration list for PBXNativeTarget "fysh-ios" */;
			buildPhases = (
				06F8C44C25152742009372D2 /* Run Amplify Tools */,
				49CC8689FAFE2DA5A09197D6 /* [CP] Check Pods Manifest.lock */,
				1F43D7872509240300B747AA /* Sources */,
				1F43D7882509240300B747AA /* Frameworks */,
				1F43D7892509240300B747AA /* Resources */,
				47BBD76C1A8DE407B090270F /* [CP] Embed Pods Frameworks */,
			);
			buildRules = (
			);
			dependencies = (
			);
			name = "fysh-ios";
			productName = "fysh-ios";
			productReference = 1F43D78B2509240300B747AA /* fysh-ios.app */;
			productType = "com.apple.product-type.application";
		};
		1F43D7A02509240300B747AA /* fysh-iosTests */ = {
			isa = PBXNativeTarget;
			buildConfigurationList = 1F43D7AD2509240300B747AA /* Build configuration list for PBXNativeTarget "fysh-iosTests" */;
			buildPhases = (
				CC780693C5B59D752FC60021 /* [CP] Check Pods Manifest.lock */,
				1F43D79D2509240300B747AA /* Sources */,
				1F43D79E2509240300B747AA /* Frameworks */,
				1F43D79F2509240300B747AA /* Resources */,
			);
			buildRules = (
			);
			dependencies = (
				1F43D7A32509240300B747AA /* PBXTargetDependency */,
			);
			name = "fysh-iosTests";
			productName = "fysh-iosTests";
			productReference = 1F43D7A12509240300B747AA /* fysh-iosTests.xctest */;
			productType = "com.apple.product-type.bundle.unit-test";
		};
/* End PBXNativeTarget section */

/* Begin PBXProject section */
		1F43D7832509240300B747AA /* Project object */ = {
			isa = PBXProject;
			attributes = {
				LastSwiftUpdateCheck = 1170;
				LastUpgradeCheck = 1170;
				ORGANIZATIONNAME = "bucknell-csci479";
				TargetAttributes = {
					1F43D78A2509240300B747AA = {
						CreatedOnToolsVersion = 11.7;
					};
					1F43D7A02509240300B747AA = {
						CreatedOnToolsVersion = 11.7;
						TestTargetID = 1F43D78A2509240300B747AA;
					};
				};
			};
			buildConfigurationList = 1F43D7862509240300B747AA /* Build configuration list for PBXProject "fysh-ios" */;
			compatibilityVersion = "Xcode 9.3";
			developmentRegion = en;
			hasScannedForEncodings = 0;
			knownRegions = (
				en,
				Base,
			);
			mainGroup = 1F43D7822509240300B747AA;
			productRefGroup = 1F43D78C2509240300B747AA /* Products */;
			projectDirPath = "";
			projectRoot = "";
			targets = (
				1F43D78A2509240300B747AA /* fysh-ios */,
				1F43D7A02509240300B747AA /* fysh-iosTests */,
			);
		};
/* End PBXProject section */

/* Begin PBXResourcesBuildPhase section */
		1F43D7892509240300B747AA /* Resources */ = {
			isa = PBXResourcesBuildPhase;
			buildActionMask = 2147483647;
			files = (
				1F43D79B2509240300B747AA /* LaunchScreen.storyboard in Resources */,
				1F43D7982509240300B747AA /* Preview Assets.xcassets in Resources */,
				1F43D7952509240300B747AA /* Assets.xcassets in Resources */,
				697364EB6F004E6794D19AB6 /* amplifyconfiguration.json in Resources */,
				C9758E21A76941498BE91909 /* awsconfiguration.json in Resources */,
			);
			runOnlyForDeploymentPostprocessing = 0;
		};
		1F43D79F2509240300B747AA /* Resources */ = {
			isa = PBXResourcesBuildPhase;
			buildActionMask = 2147483647;
			files = (
			);
			runOnlyForDeploymentPostprocessing = 0;
		};
/* End PBXResourcesBuildPhase section */

/* Begin PBXShellScriptBuildPhase section */
		06F8C44C25152742009372D2 /* Run Amplify Tools */ = {
			isa = PBXShellScriptBuildPhase;
			buildActionMask = 2147483647;
			files = (
			);
			inputFileListPaths = (
			);
			inputPaths = (
			);
			name = "Run Amplify Tools";
			outputFileListPaths = (
			);
			outputPaths = (
			);
			runOnlyForDeploymentPostprocessing = 0;
			shellPath = /bin/sh;
			shellScript = "\"${PODS_ROOT}/AmplifyTools/amplify-tools.sh\"\n";
		};
		47BBD76C1A8DE407B090270F /* [CP] Embed Pods Frameworks */ = {
			isa = PBXShellScriptBuildPhase;
			buildActionMask = 2147483647;
			files = (
			);
			inputFileListPaths = (
				"${PODS_ROOT}/Target Support Files/Pods-fysh-ios/Pods-fysh-ios-frameworks-${CONFIGURATION}-input-files.xcfilelist",
			);
			name = "[CP] Embed Pods Frameworks";
			outputFileListPaths = (
				"${PODS_ROOT}/Target Support Files/Pods-fysh-ios/Pods-fysh-ios-frameworks-${CONFIGURATION}-output-files.xcfilelist",
			);
			runOnlyForDeploymentPostprocessing = 0;
			shellPath = /bin/sh;
			shellScript = "\"${PODS_ROOT}/Target Support Files/Pods-fysh-ios/Pods-fysh-ios-frameworks.sh\"\n";
			showEnvVarsInLog = 0;
		};
		49CC8689FAFE2DA5A09197D6 /* [CP] Check Pods Manifest.lock */ = {
			isa = PBXShellScriptBuildPhase;
			buildActionMask = 2147483647;
			files = (
			);
			inputFileListPaths = (
			);
			inputPaths = (
				"${PODS_PODFILE_DIR_PATH}/Podfile.lock",
				"${PODS_ROOT}/Manifest.lock",
			);
			name = "[CP] Check Pods Manifest.lock";
			outputFileListPaths = (
			);
			outputPaths = (
				"$(DERIVED_FILE_DIR)/Pods-fysh-ios-checkManifestLockResult.txt",
			);
			runOnlyForDeploymentPostprocessing = 0;
			shellPath = /bin/sh;
			shellScript = "diff \"${PODS_PODFILE_DIR_PATH}/Podfile.lock\" \"${PODS_ROOT}/Manifest.lock\" > /dev/null\nif [ $? != 0 ] ; then\n    # print error to STDERR\n    echo \"error: The sandbox is not in sync with the Podfile.lock. Run 'pod install' or update your CocoaPods installation.\" >&2\n    exit 1\nfi\n# This output is used by Xcode 'outputs' to avoid re-running this script phase.\necho \"SUCCESS\" > \"${SCRIPT_OUTPUT_FILE_0}\"\n";
			showEnvVarsInLog = 0;
		};
		CC780693C5B59D752FC60021 /* [CP] Check Pods Manifest.lock */ = {
			isa = PBXShellScriptBuildPhase;
			buildActionMask = 2147483647;
			files = (
			);
			inputFileListPaths = (
			);
			inputPaths = (
				"${PODS_PODFILE_DIR_PATH}/Podfile.lock",
				"${PODS_ROOT}/Manifest.lock",
			);
			name = "[CP] Check Pods Manifest.lock";
			outputFileListPaths = (
			);
			outputPaths = (
				"$(DERIVED_FILE_DIR)/Pods-fysh-iosTests-checkManifestLockResult.txt",
			);
			runOnlyForDeploymentPostprocessing = 0;
			shellPath = /bin/sh;
			shellScript = "diff \"${PODS_PODFILE_DIR_PATH}/Podfile.lock\" \"${PODS_ROOT}/Manifest.lock\" > /dev/null\nif [ $? != 0 ] ; then\n    # print error to STDERR\n    echo \"error: The sandbox is not in sync with the Podfile.lock. Run 'pod install' or update your CocoaPods installation.\" >&2\n    exit 1\nfi\n# This output is used by Xcode 'outputs' to avoid re-running this script phase.\necho \"SUCCESS\" > \"${SCRIPT_OUTPUT_FILE_0}\"\n";
			showEnvVarsInLog = 0;
		};
/* End PBXShellScriptBuildPhase section */

/* Begin PBXSourcesBuildPhase section */
		1F43D7872509240300B747AA /* Sources */ = {
			isa = PBXSourcesBuildPhase;
			buildActionMask = 2147483647;
			files = (
				1F43D78F2509240300B747AA /* AppDelegate.swift in Sources */,
				1F43D7912509240300B747AA /* SceneDelegate.swift in Sources */,
				1F43D7932509240300B747AA /* ContentView.swift in Sources */,
			);
			runOnlyForDeploymentPostprocessing = 0;
		};
		1F43D79D2509240300B747AA /* Sources */ = {
			isa = PBXSourcesBuildPhase;
			buildActionMask = 2147483647;
			files = (
				1F43D7A62509240300B747AA /* fysh_iosTests.swift in Sources */,
			);
			runOnlyForDeploymentPostprocessing = 0;
		};
/* End PBXSourcesBuildPhase section */

/* Begin PBXTargetDependency section */
		1F43D7A32509240300B747AA /* PBXTargetDependency */ = {
			isa = PBXTargetDependency;
			target = 1F43D78A2509240300B747AA /* fysh-ios */;
			targetProxy = 1F43D7A22509240300B747AA /* PBXContainerItemProxy */;
		};
/* End PBXTargetDependency section */

/* Begin PBXVariantGroup section */
		1F43D7992509240300B747AA /* LaunchScreen.storyboard */ = {
			isa = PBXVariantGroup;
			children = (
				1F43D79A2509240300B747AA /* Base */,
			);
			name = LaunchScreen.storyboard;
			sourceTree = "<group>";
		};
/* End PBXVariantGroup section */

/* Begin XCBuildConfiguration section */
		1F43D7A82509240300B747AA /* Debug */ = {
			isa = XCBuildConfiguration;
			buildSettings = {
				ALWAYS_SEARCH_USER_PATHS = NO;
				CLANG_ANALYZER_NONNULL = YES;
				CLANG_ANALYZER_NUMBER_OBJECT_CONVERSION = YES_AGGRESSIVE;
				CLANG_CXX_LANGUAGE_STANDARD = "gnu++14";
				CLANG_CXX_LIBRARY = "libc++";
				CLANG_ENABLE_MODULES = YES;
				CLANG_ENABLE_OBJC_ARC = YES;
				CLANG_ENABLE_OBJC_WEAK = YES;
				CLANG_WARN_BLOCK_CAPTURE_AUTORELEASING = YES;
				CLANG_WARN_BOOL_CONVERSION = YES;
				CLANG_WARN_COMMA = YES;
				CLANG_WARN_CONSTANT_CONVERSION = YES;
				CLANG_WARN_DEPRECATED_OBJC_IMPLEMENTATIONS = YES;
				CLANG_WARN_DIRECT_OBJC_ISA_USAGE = YES_ERROR;
				CLANG_WARN_DOCUMENTATION_COMMENTS = YES;
				CLANG_WARN_EMPTY_BODY = YES;
				CLANG_WARN_ENUM_CONVERSION = YES;
				CLANG_WARN_INFINITE_RECURSION = YES;
				CLANG_WARN_INT_CONVERSION = YES;
				CLANG_WARN_NON_LITERAL_NULL_CONVERSION = YES;
				CLANG_WARN_OBJC_IMPLICIT_RETAIN_SELF = YES;
				CLANG_WARN_OBJC_LITERAL_CONVERSION = YES;
				CLANG_WARN_OBJC_ROOT_CLASS = YES_ERROR;
				CLANG_WARN_RANGE_LOOP_ANALYSIS = YES;
				CLANG_WARN_STRICT_PROTOTYPES = YES;
				CLANG_WARN_SUSPICIOUS_MOVE = YES;
				CLANG_WARN_UNGUARDED_AVAILABILITY = YES_AGGRESSIVE;
				CLANG_WARN_UNREACHABLE_CODE = YES;
				CLANG_WARN__DUPLICATE_METHOD_MATCH = YES;
				COPY_PHASE_STRIP = NO;
				DEBUG_INFORMATION_FORMAT = dwarf;
				ENABLE_STRICT_OBJC_MSGSEND = YES;
				ENABLE_TESTABILITY = YES;
				GCC_C_LANGUAGE_STANDARD = gnu11;
				GCC_DYNAMIC_NO_PIC = NO;
				GCC_NO_COMMON_BLOCKS = YES;
				GCC_OPTIMIZATION_LEVEL = 0;
				GCC_PREPROCESSOR_DEFINITIONS = (
					"DEBUG=1",
					"$(inherited)",
				);
				GCC_WARN_64_TO_32_BIT_CONVERSION = YES;
				GCC_WARN_ABOUT_RETURN_TYPE = YES_ERROR;
				GCC_WARN_UNDECLARED_SELECTOR = YES;
				GCC_WARN_UNINITIALIZED_AUTOS = YES_AGGRESSIVE;
				GCC_WARN_UNUSED_FUNCTION = YES;
				GCC_WARN_UNUSED_VARIABLE = YES;
				IPHONEOS_DEPLOYMENT_TARGET = 13.7;
				MTL_ENABLE_DEBUG_INFO = INCLUDE_SOURCE;
				MTL_FAST_MATH = YES;
				ONLY_ACTIVE_ARCH = YES;
				SDKROOT = iphoneos;
				SWIFT_ACTIVE_COMPILATION_CONDITIONS = DEBUG;
				SWIFT_OPTIMIZATION_LEVEL = "-Onone";
			};
			name = Debug;
		};
		1F43D7A92509240300B747AA /* Release */ = {
			isa = XCBuildConfiguration;
			buildSettings = {
				ALWAYS_SEARCH_USER_PATHS = NO;
				CLANG_ANALYZER_NONNULL = YES;
				CLANG_ANALYZER_NUMBER_OBJECT_CONVERSION = YES_AGGRESSIVE;
				CLANG_CXX_LANGUAGE_STANDARD = "gnu++14";
				CLANG_CXX_LIBRARY = "libc++";
				CLANG_ENABLE_MODULES = YES;
				CLANG_ENABLE_OBJC_ARC = YES;
				CLANG_ENABLE_OBJC_WEAK = YES;
				CLANG_WARN_BLOCK_CAPTURE_AUTORELEASING = YES;
				CLANG_WARN_BOOL_CONVERSION = YES;
				CLANG_WARN_COMMA = YES;
				CLANG_WARN_CONSTANT_CONVERSION = YES;
				CLANG_WARN_DEPRECATED_OBJC_IMPLEMENTATIONS = YES;
				CLANG_WARN_DIRECT_OBJC_ISA_USAGE = YES_ERROR;
				CLANG_WARN_DOCUMENTATION_COMMENTS = YES;
				CLANG_WARN_EMPTY_BODY = YES;
				CLANG_WARN_ENUM_CONVERSION = YES;
				CLANG_WARN_INFINITE_RECURSION = YES;
				CLANG_WARN_INT_CONVERSION = YES;
				CLANG_WARN_NON_LITERAL_NULL_CONVERSION = YES;
				CLANG_WARN_OBJC_IMPLICIT_RETAIN_SELF = YES;
				CLANG_WARN_OBJC_LITERAL_CONVERSION = YES;
				CLANG_WARN_OBJC_ROOT_CLASS = YES_ERROR;
				CLANG_WARN_RANGE_LOOP_ANALYSIS = YES;
				CLANG_WARN_STRICT_PROTOTYPES = YES;
				CLANG_WARN_SUSPICIOUS_MOVE = YES;
				CLANG_WARN_UNGUARDED_AVAILABILITY = YES_AGGRESSIVE;
				CLANG_WARN_UNREACHABLE_CODE = YES;
				CLANG_WARN__DUPLICATE_METHOD_MATCH = YES;
				COPY_PHASE_STRIP = NO;
				DEBUG_INFORMATION_FORMAT = "dwarf-with-dsym";
				ENABLE_NS_ASSERTIONS = NO;
				ENABLE_STRICT_OBJC_MSGSEND = YES;
				GCC_C_LANGUAGE_STANDARD = gnu11;
				GCC_NO_COMMON_BLOCKS = YES;
				GCC_WARN_64_TO_32_BIT_CONVERSION = YES;
				GCC_WARN_ABOUT_RETURN_TYPE = YES_ERROR;
				GCC_WARN_UNDECLARED_SELECTOR = YES;
				GCC_WARN_UNINITIALIZED_AUTOS = YES_AGGRESSIVE;
				GCC_WARN_UNUSED_FUNCTION = YES;
				GCC_WARN_UNUSED_VARIABLE = YES;
				IPHONEOS_DEPLOYMENT_TARGET = 13.7;
				MTL_ENABLE_DEBUG_INFO = NO;
				MTL_FAST_MATH = YES;
				SDKROOT = iphoneos;
				SWIFT_COMPILATION_MODE = wholemodule;
				SWIFT_OPTIMIZATION_LEVEL = "-O";
				VALIDATE_PRODUCT = YES;
			};
			name = Release;
		};
		1F43D7AB2509240300B747AA /* Debug */ = {
			isa = XCBuildConfiguration;
			baseConfigurationReference = D5AC3859EEE02566A0DC99FA /* Pods-fysh-ios.debug.xcconfig */;
			buildSettings = {
				ASSETCATALOG_COMPILER_APPICON_NAME = AppIcon;
				CODE_SIGN_STYLE = Automatic;
				DEVELOPMENT_ASSET_PATHS = "\"fysh-ios/Preview Content\"";
				DEVELOPMENT_TEAM = 3F483VPL7Y;
				ENABLE_PREVIEWS = YES;
				INFOPLIST_FILE = "fysh-ios/Info.plist";
				LD_RUNPATH_SEARCH_PATHS = (
					"$(inherited)",
					"@executable_path/Frameworks",
				);
				PRODUCT_BUNDLE_IDENTIFIER = "com.bucknell-csci479.fysh-ios";
				PRODUCT_NAME = "$(TARGET_NAME)";
				SWIFT_VERSION = 5.0;
				TARGETED_DEVICE_FAMILY = "1,2";
			};
			name = Debug;
		};
		1F43D7AC2509240300B747AA /* Release */ = {
			isa = XCBuildConfiguration;
			baseConfigurationReference = 1F9CE7E2C55DB84D164AB86E /* Pods-fysh-ios.release.xcconfig */;
			buildSettings = {
				ASSETCATALOG_COMPILER_APPICON_NAME = AppIcon;
				CODE_SIGN_STYLE = Automatic;
				DEVELOPMENT_ASSET_PATHS = "\"fysh-ios/Preview Content\"";
				DEVELOPMENT_TEAM = 3F483VPL7Y;
				ENABLE_PREVIEWS = YES;
				INFOPLIST_FILE = "fysh-ios/Info.plist";
				LD_RUNPATH_SEARCH_PATHS = (
					"$(inherited)",
					"@executable_path/Frameworks",
				);
				PRODUCT_BUNDLE_IDENTIFIER = "com.bucknell-csci479.fysh-ios";
				PRODUCT_NAME = "$(TARGET_NAME)";
				SWIFT_VERSION = 5.0;
				TARGETED_DEVICE_FAMILY = "1,2";
			};
			name = Release;
		};
		1F43D7AE2509240300B747AA /* Debug */ = {
			isa = XCBuildConfiguration;
			baseConfigurationReference = F8B1A040DACF3F85ADB67C5F /* Pods-fysh-iosTests.debug.xcconfig */;
			buildSettings = {
				ALWAYS_EMBED_SWIFT_STANDARD_LIBRARIES = YES;
				BUNDLE_LOADER = "$(TEST_HOST)";
				CODE_SIGN_STYLE = Automatic;
				DEVELOPMENT_TEAM = 3F483VPL7Y;
				INFOPLIST_FILE = "fysh-iosTests/Info.plist";
				IPHONEOS_DEPLOYMENT_TARGET = 13.7;
				LD_RUNPATH_SEARCH_PATHS = (
					"$(inherited)",
					"@executable_path/Frameworks",
					"@loader_path/Frameworks",
				);
				PRODUCT_BUNDLE_IDENTIFIER = "com.bucknell-csci479.fysh-iosTests";
				PRODUCT_NAME = "$(TARGET_NAME)";
				SWIFT_VERSION = 5.0;
				TARGETED_DEVICE_FAMILY = "1,2";
				TEST_HOST = "$(BUILT_PRODUCTS_DIR)/fysh-ios.app/fysh-ios";
			};
			name = Debug;
		};
		1F43D7AF2509240300B747AA /* Release */ = {
			isa = XCBuildConfiguration;
			baseConfigurationReference = 4D18B1518A42FA0E01983362 /* Pods-fysh-iosTests.release.xcconfig */;
			buildSettings = {
				ALWAYS_EMBED_SWIFT_STANDARD_LIBRARIES = YES;
				BUNDLE_LOADER = "$(TEST_HOST)";
				CODE_SIGN_STYLE = Automatic;
				DEVELOPMENT_TEAM = 3F483VPL7Y;
				INFOPLIST_FILE = "fysh-iosTests/Info.plist";
				IPHONEOS_DEPLOYMENT_TARGET = 13.7;
				LD_RUNPATH_SEARCH_PATHS = (
					"$(inherited)",
					"@executable_path/Frameworks",
					"@loader_path/Frameworks",
				);
				PRODUCT_BUNDLE_IDENTIFIER = "com.bucknell-csci479.fysh-iosTests";
				PRODUCT_NAME = "$(TARGET_NAME)";
				SWIFT_VERSION = 5.0;
				TARGETED_DEVICE_FAMILY = "1,2";
				TEST_HOST = "$(BUILT_PRODUCTS_DIR)/fysh-ios.app/fysh-ios";
			};
			name = Release;
		};
/* End XCBuildConfiguration section */

/* Begin XCConfigurationList section */
		1F43D7862509240300B747AA /* Build configuration list for PBXProject "fysh-ios" */ = {
			isa = XCConfigurationList;
			buildConfigurations = (
				1F43D7A82509240300B747AA /* Debug */,
				1F43D7A92509240300B747AA /* Release */,
			);
			defaultConfigurationIsVisible = 0;
			defaultConfigurationName = Release;
		};
		1F43D7AA2509240300B747AA /* Build configuration list for PBXNativeTarget "fysh-ios" */ = {
			isa = XCConfigurationList;
			buildConfigurations = (
				1F43D7AB2509240300B747AA /* Debug */,
				1F43D7AC2509240300B747AA /* Release */,
			);
			defaultConfigurationIsVisible = 0;
			defaultConfigurationName = Release;
		};
		1F43D7AD2509240300B747AA /* Build configuration list for PBXNativeTarget "fysh-iosTests" */ = {
			isa = XCConfigurationList;
			buildConfigurations = (
				1F43D7AE2509240300B747AA /* Debug */,
				1F43D7AF2509240300B747AA /* Release */,
			);
			defaultConfigurationIsVisible = 0;
			defaultConfigurationName = Release;
		};
/* End XCConfigurationList section */
	};
	rootObject = 1F43D7832509240300B747AA /* Project object */;
}
