// !$*UTF8*$!
{
	archiveVersion = 1;
	classes = {
	};
	objectVersion = 51;
	objects = {

/* Begin PBXBuildFile section */
		0608F4072533DCE30066FD0F /* SlideInPresentationManager.swift in Sources */ = {isa = PBXBuildFile; fileRef = 0608F4062533DCE30066FD0F /* SlideInPresentationManager.swift */; };
		0608F4092533DDAB0066FD0F /* SlideInPresentationController.swift in Sources */ = {isa = PBXBuildFile; fileRef = 0608F4082533DDAB0066FD0F /* SlideInPresentationController.swift */; };
		0608F40B2533E1610066FD0F /* SlideInPresentationAnimator.swift in Sources */ = {isa = PBXBuildFile; fileRef = 0608F40A2533E1610066FD0F /* SlideInPresentationAnimator.swift */; };
		0665AB1C2524D7160092A988 /* InputTemp.swift in Sources */ = {isa = PBXBuildFile; fileRef = 0665AB1B2524D7160092A988 /* InputTemp.swift */; };
		0665AB1D2524D7160092A988 /* InputTemp.swift in Sources */ = {isa = PBXBuildFile; fileRef = 0665AB1B2524D7160092A988 /* InputTemp.swift */; };
		0665AB1F252501240092A988 /* InputTempUIExtension.swift in Sources */ = {isa = PBXBuildFile; fileRef = 0665AB1E252501240092A988 /* InputTempUIExtension.swift */; };
		0665AB212525041C0092A988 /* InputTime.swift in Sources */ = {isa = PBXBuildFile; fileRef = 0665AB202525041C0092A988 /* InputTime.swift */; };
		0665AB222525041C0092A988 /* InputTime.swift in Sources */ = {isa = PBXBuildFile; fileRef = 0665AB202525041C0092A988 /* InputTime.swift */; };
		0665AB24252504350092A988 /* InputTimeUIExtension.swift in Sources */ = {isa = PBXBuildFile; fileRef = 0665AB23252504350092A988 /* InputTimeUIExtension.swift */; };
		0665AB25252504350092A988 /* InputTimeUIExtension.swift in Sources */ = {isa = PBXBuildFile; fileRef = 0665AB23252504350092A988 /* InputTimeUIExtension.swift */; };
		067025A62538F9E400476256 /* AboutUsPage.swift in Sources */ = {isa = PBXBuildFile; fileRef = 067025A52538F9E400476256 /* AboutUsPage.swift */; };
		06751AAF252F3CD3006748AC /* Menu.swift in Sources */ = {isa = PBXBuildFile; fileRef = 06751AAE252F3CD3006748AC /* Menu.swift */; };
		06751AB0252F3CD3006748AC /* Menu.swift in Sources */ = {isa = PBXBuildFile; fileRef = 06751AAE252F3CD3006748AC /* Menu.swift */; };
		068BFC7D6A8E4773B9090CE1 /* Record.swift in Sources */ = {isa = PBXBuildFile; fileRef = 0588482FE36D46B78ABFB2FB /* Record.swift */; };
		06FB148E252A33A90002F5CF /* DataModel.swift in Sources */ = {isa = PBXBuildFile; fileRef = 06FB148D252A33A90002F5CF /* DataModel.swift */; };
		1F05539025155CEA009A6A6F /* AppDelegate.swift in Sources */ = {isa = PBXBuildFile; fileRef = 1F05538F25155CEA009A6A6F /* AppDelegate.swift */; };
		1F05539425155CEA009A6A6F /* ViewController.swift in Sources */ = {isa = PBXBuildFile; fileRef = 1F05539325155CEA009A6A6F /* ViewController.swift */; };
		1F05539725155CEA009A6A6F /* Main.storyboard in Resources */ = {isa = PBXBuildFile; fileRef = 1F05539525155CEA009A6A6F /* Main.storyboard */; };
		1F05539925155CEA009A6A6F /* Assets.xcassets in Resources */ = {isa = PBXBuildFile; fileRef = 1F05539825155CEA009A6A6F /* Assets.xcassets */; };
		1F05539C25155CEA009A6A6F /* LaunchScreen.storyboard in Resources */ = {isa = PBXBuildFile; fileRef = 1F05539A25155CEA009A6A6F /* LaunchScreen.storyboard */; };
		1F0553A725155CEA009A6A6F /* fysh_iosTests.swift in Sources */ = {isa = PBXBuildFile; fileRef = 1F0553A625155CEA009A6A6F /* fysh_iosTests.swift */; };
		1F1EC95E25339BB700112563 /* UIButtonExtension.swift in Sources */ = {isa = PBXBuildFile; fileRef = 1F1EC95D25339BB700112563 /* UIButtonExtension.swift */; };
		1F239D362518337100D5B048 /* ViewControllerUIExtension.swift in Sources */ = {isa = PBXBuildFile; fileRef = 1F239D352518337100D5B048 /* ViewControllerUIExtension.swift */; };
		1F49F718253D38E400048A67 /* MapboxExtension.swift in Sources */ = {isa = PBXBuildFile; fileRef = 1F49F717253D38E400048A67 /* MapboxExtension.swift */; };
		1F59F56E251E9EEB00400A94 /* API.swift in Sources */ = {isa = PBXBuildFile; fileRef = 1F59F56D251E9EEB00400A94 /* API.swift */; };
		1F9D71102537A2D100B747B2 /* map.geojson in Resources */ = {isa = PBXBuildFile; fileRef = 1F9D710F2537A2D100B747B2 /* map.geojson */; };
		1FF392D2252A626100AA306B /* InputConfirmation.swift in Sources */ = {isa = PBXBuildFile; fileRef = 1FF392D1252A626100AA306B /* InputConfirmation.swift */; };
		1FF392D4252A63F600AA306B /* InputConfirmationUIExtension.swift in Sources */ = {isa = PBXBuildFile; fileRef = 1FF392D3252A62BD00AA306B /* InputConfirmationUIExtension.swift */; };
		220452F64AE97FB69C857752 /* Pods_fysh_iosTests.framework in Frameworks */ = {isa = PBXBuildFile; fileRef = B07C264549EE6BE80B2DAFF0 /* Pods_fysh_iosTests.framework */; };
		3E11754BA26D4FAF8597EA19 /* amplifyconfiguration.json in Resources */ = {isa = PBXBuildFile; fileRef = A6D7A046D41D4BD2A9112CEB /* amplifyconfiguration.json */; };
		3F5EBC50255E15AF00C65F16 /* WebViewController.swift in Sources */ = {isa = PBXBuildFile; fileRef = 3F5EBC4F255E15AF00C65F16 /* WebViewController.swift */; };
		3F5EBC5A255E2D1200C65F16 /* MenuUIExtension.swift in Sources */ = {isa = PBXBuildFile; fileRef = 3F5EBC59255E2D1200C65F16 /* MenuUIExtension.swift */; };
		576B1770253D526C00F1B02E /* HowToPage.swift in Sources */ = {isa = PBXBuildFile; fileRef = 576B176F253D526C00F1B02E /* HowToPage.swift */; };
		576B17A72547651700F1B02E /* AboutUsExtension.swift in Sources */ = {isa = PBXBuildFile; fileRef = 576B17A62547651700F1B02E /* AboutUsExtension.swift */; };
		576B17AB25476EE600F1B02E /* HowToExtension.swift in Sources */ = {isa = PBXBuildFile; fileRef = 576B17AA25476EE600F1B02E /* HowToExtension.swift */; };
		68123E9CDF1A44699BBDBF1A /* AmplifyModels.swift in Sources */ = {isa = PBXBuildFile; fileRef = 19AF14F0EF6F400BB30DE2B3 /* AmplifyModels.swift */; };
		C0D1B2433BDF43668E3E74D1 /* Record+Schema.swift in Sources */ = {isa = PBXBuildFile; fileRef = CAA5E4DA161741CAA338ED54 /* Record+Schema.swift */; };
		D08A70CEC327670902476BA4 /* Pods_fysh_ios.framework in Frameworks */ = {isa = PBXBuildFile; fileRef = 7A1EA2F4245CF1DD14946299 /* Pods_fysh_ios.framework */; };
		D5D0A61C825C43F2AA84EFF5 /* awsconfiguration.json in Resources */ = {isa = PBXBuildFile; fileRef = 0D5D53EC22094767A8B6EE7B /* awsconfiguration.json */; };
/* End PBXBuildFile section */

/* Begin PBXContainerItemProxy section */
		1F0553A325155CEA009A6A6F /* PBXContainerItemProxy */ = {
			isa = PBXContainerItemProxy;
			containerPortal = 1F05538425155CEA009A6A6F /* Project object */;
			proxyType = 1;
			remoteGlobalIDString = 1F05538B25155CEA009A6A6F;
			remoteInfo = "fysh-ios";
		};
/* End PBXContainerItemProxy section */

/* Begin PBXFileReference section */
		0588482FE36D46B78ABFB2FB /* Record.swift */ = {isa = PBXFileReference; explicitFileType = undefined; fileEncoding = 4; includeInIndex = 0; lastKnownFileType = sourcecode.swift; name = Record.swift; path = amplify/generated/models/Record.swift; sourceTree = "<group>"; };
		0608F4062533DCE30066FD0F /* SlideInPresentationManager.swift */ = {isa = PBXFileReference; lastKnownFileType = sourcecode.swift; path = SlideInPresentationManager.swift; sourceTree = "<group>"; };
		0608F4082533DDAB0066FD0F /* SlideInPresentationController.swift */ = {isa = PBXFileReference; lastKnownFileType = sourcecode.swift; path = SlideInPresentationController.swift; sourceTree = "<group>"; };
		0608F40A2533E1610066FD0F /* SlideInPresentationAnimator.swift */ = {isa = PBXFileReference; lastKnownFileType = sourcecode.swift; path = SlideInPresentationAnimator.swift; sourceTree = "<group>"; };
		0665AB1B2524D7160092A988 /* InputTemp.swift */ = {isa = PBXFileReference; lastKnownFileType = sourcecode.swift; path = InputTemp.swift; sourceTree = "<group>"; };
		0665AB1E252501240092A988 /* InputTempUIExtension.swift */ = {isa = PBXFileReference; lastKnownFileType = sourcecode.swift; path = InputTempUIExtension.swift; sourceTree = "<group>"; };
		0665AB202525041C0092A988 /* InputTime.swift */ = {isa = PBXFileReference; lastKnownFileType = sourcecode.swift; path = InputTime.swift; sourceTree = "<group>"; };
		0665AB23252504350092A988 /* InputTimeUIExtension.swift */ = {isa = PBXFileReference; lastKnownFileType = sourcecode.swift; path = InputTimeUIExtension.swift; sourceTree = "<group>"; };
		067025A52538F9E400476256 /* AboutUsPage.swift */ = {isa = PBXFileReference; lastKnownFileType = sourcecode.swift; path = AboutUsPage.swift; sourceTree = "<group>"; };
		06751AAE252F3CD3006748AC /* Menu.swift */ = {isa = PBXFileReference; lastKnownFileType = sourcecode.swift; path = Menu.swift; sourceTree = "<group>"; };
		06FB148D252A33A90002F5CF /* DataModel.swift */ = {isa = PBXFileReference; lastKnownFileType = sourcecode.swift; path = DataModel.swift; sourceTree = "<group>"; };
		0D5D53EC22094767A8B6EE7B /* awsconfiguration.json */ = {isa = PBXFileReference; explicitFileType = undefined; fileEncoding = 9; includeInIndex = 0; lastKnownFileType = unknown; path = awsconfiguration.json; sourceTree = "<group>"; };
		12691975F2E1F5787EFFDD84 /* Pods-fysh-ios.debug.xcconfig */ = {isa = PBXFileReference; includeInIndex = 1; lastKnownFileType = text.xcconfig; name = "Pods-fysh-ios.debug.xcconfig"; path = "Target Support Files/Pods-fysh-ios/Pods-fysh-ios.debug.xcconfig"; sourceTree = "<group>"; };
		19AF14F0EF6F400BB30DE2B3 /* AmplifyModels.swift */ = {isa = PBXFileReference; explicitFileType = undefined; fileEncoding = 4; includeInIndex = 0; lastKnownFileType = sourcecode.swift; name = AmplifyModels.swift; path = amplify/generated/models/AmplifyModels.swift; sourceTree = "<group>"; };
		1F05538C25155CEA009A6A6F /* fysh-ios.app */ = {isa = PBXFileReference; explicitFileType = wrapper.application; includeInIndex = 0; path = "fysh-ios.app"; sourceTree = BUILT_PRODUCTS_DIR; };
		1F05538F25155CEA009A6A6F /* AppDelegate.swift */ = {isa = PBXFileReference; lastKnownFileType = sourcecode.swift; path = AppDelegate.swift; sourceTree = "<group>"; };
		1F05539325155CEA009A6A6F /* ViewController.swift */ = {isa = PBXFileReference; lastKnownFileType = sourcecode.swift; path = ViewController.swift; sourceTree = "<group>"; };
		1F05539625155CEA009A6A6F /* Base */ = {isa = PBXFileReference; lastKnownFileType = file.storyboard; name = Base; path = Base.lproj/Main.storyboard; sourceTree = "<group>"; };
		1F05539825155CEA009A6A6F /* Assets.xcassets */ = {isa = PBXFileReference; lastKnownFileType = folder.assetcatalog; path = Assets.xcassets; sourceTree = "<group>"; };
		1F05539B25155CEA009A6A6F /* Base */ = {isa = PBXFileReference; lastKnownFileType = file.storyboard; name = Base; path = Base.lproj/LaunchScreen.storyboard; sourceTree = "<group>"; };
		1F05539D25155CEA009A6A6F /* Info.plist */ = {isa = PBXFileReference; lastKnownFileType = text.plist.xml; path = Info.plist; sourceTree = "<group>"; };
		1F0553A225155CEA009A6A6F /* fysh-iosTests.xctest */ = {isa = PBXFileReference; explicitFileType = wrapper.cfbundle; includeInIndex = 0; path = "fysh-iosTests.xctest"; sourceTree = BUILT_PRODUCTS_DIR; };
		1F0553A625155CEA009A6A6F /* fysh_iosTests.swift */ = {isa = PBXFileReference; lastKnownFileType = sourcecode.swift; path = fysh_iosTests.swift; sourceTree = "<group>"; };
		1F0553A825155CEA009A6A6F /* Info.plist */ = {isa = PBXFileReference; lastKnownFileType = text.plist.xml; path = Info.plist; sourceTree = "<group>"; };
		1F1EC95D25339BB700112563 /* UIButtonExtension.swift */ = {isa = PBXFileReference; lastKnownFileType = sourcecode.swift; path = UIButtonExtension.swift; sourceTree = "<group>"; };
		1F239D352518337100D5B048 /* ViewControllerUIExtension.swift */ = {isa = PBXFileReference; lastKnownFileType = sourcecode.swift; path = ViewControllerUIExtension.swift; sourceTree = "<group>"; };
		1F49F717253D38E400048A67 /* MapboxExtension.swift */ = {isa = PBXFileReference; fileEncoding = 4; lastKnownFileType = sourcecode.swift; path = MapboxExtension.swift; sourceTree = SOURCE_ROOT; };
		1F59F56D251E9EEB00400A94 /* API.swift */ = {isa = PBXFileReference; fileEncoding = 4; lastKnownFileType = sourcecode.swift; path = API.swift; sourceTree = "<group>"; };
		1F9D710F2537A2D100B747B2 /* map.geojson */ = {isa = PBXFileReference; fileEncoding = 4; lastKnownFileType = text; path = map.geojson; sourceTree = "<group>"; };
		1FF392D1252A626100AA306B /* InputConfirmation.swift */ = {isa = PBXFileReference; lastKnownFileType = sourcecode.swift; path = InputConfirmation.swift; sourceTree = "<group>"; };
		1FF392D3252A62BD00AA306B /* InputConfirmationUIExtension.swift */ = {isa = PBXFileReference; lastKnownFileType = sourcecode.swift; path = InputConfirmationUIExtension.swift; sourceTree = "<group>"; };
		3F5EBC4F255E15AF00C65F16 /* WebViewController.swift */ = {isa = PBXFileReference; lastKnownFileType = sourcecode.swift; path = WebViewController.swift; sourceTree = "<group>"; };
		3F5EBC59255E2D1200C65F16 /* MenuUIExtension.swift */ = {isa = PBXFileReference; lastKnownFileType = sourcecode.swift; path = MenuUIExtension.swift; sourceTree = "<group>"; };
		576B176F253D526C00F1B02E /* HowToPage.swift */ = {isa = PBXFileReference; lastKnownFileType = sourcecode.swift; path = HowToPage.swift; sourceTree = "<group>"; };
		576B17A62547651700F1B02E /* AboutUsExtension.swift */ = {isa = PBXFileReference; lastKnownFileType = sourcecode.swift; path = AboutUsExtension.swift; sourceTree = "<group>"; };
		576B17AA25476EE600F1B02E /* HowToExtension.swift */ = {isa = PBXFileReference; lastKnownFileType = sourcecode.swift; path = HowToExtension.swift; sourceTree = "<group>"; };
		7A1EA2F4245CF1DD14946299 /* Pods_fysh_ios.framework */ = {isa = PBXFileReference; explicitFileType = wrapper.framework; includeInIndex = 0; path = Pods_fysh_ios.framework; sourceTree = BUILT_PRODUCTS_DIR; };
		8F094499725E79738F4C16A7 /* Pods-fysh-ios.release.xcconfig */ = {isa = PBXFileReference; includeInIndex = 1; lastKnownFileType = text.xcconfig; name = "Pods-fysh-ios.release.xcconfig"; path = "Target Support Files/Pods-fysh-ios/Pods-fysh-ios.release.xcconfig"; sourceTree = "<group>"; };
		928CBC185E937DB82CF9A322 /* Pods-fysh-iosTests.release.xcconfig */ = {isa = PBXFileReference; includeInIndex = 1; lastKnownFileType = text.xcconfig; name = "Pods-fysh-iosTests.release.xcconfig"; path = "Target Support Files/Pods-fysh-iosTests/Pods-fysh-iosTests.release.xcconfig"; sourceTree = "<group>"; };
		A6D7A046D41D4BD2A9112CEB /* amplifyconfiguration.json */ = {isa = PBXFileReference; explicitFileType = undefined; fileEncoding = 9; includeInIndex = 0; lastKnownFileType = unknown; path = amplifyconfiguration.json; sourceTree = "<group>"; };
		B07C264549EE6BE80B2DAFF0 /* Pods_fysh_iosTests.framework */ = {isa = PBXFileReference; explicitFileType = wrapper.framework; includeInIndex = 0; path = Pods_fysh_iosTests.framework; sourceTree = BUILT_PRODUCTS_DIR; };
		BA059666AF0A4C0C96190833 /* schema.graphql */ = {isa = PBXFileReference; explicitFileType = undefined; fileEncoding = 4; includeInIndex = 0; lastKnownFileType = text; name = schema.graphql; path = amplify/backend/api/amplifyDatasource/schema.graphql; sourceTree = "<group>"; };
		CAA5E4DA161741CAA338ED54 /* Record+Schema.swift */ = {isa = PBXFileReference; explicitFileType = undefined; fileEncoding = 4; includeInIndex = 0; lastKnownFileType = sourcecode.swift; name = "Record+Schema.swift"; path = "amplify/generated/models/Record+Schema.swift"; sourceTree = "<group>"; };
		F6E95CFAC41A4CA6B3745388 /* amplifytools.xcconfig */ = {isa = PBXFileReference; explicitFileType = undefined; fileEncoding = 4; includeInIndex = 0; lastKnownFileType = text.xcconfig; path = amplifytools.xcconfig; sourceTree = "<group>"; };
		FFEABDBFBD446463BFAD8161 /* Pods-fysh-iosTests.debug.xcconfig */ = {isa = PBXFileReference; includeInIndex = 1; lastKnownFileType = text.xcconfig; name = "Pods-fysh-iosTests.debug.xcconfig"; path = "Target Support Files/Pods-fysh-iosTests/Pods-fysh-iosTests.debug.xcconfig"; sourceTree = "<group>"; };
/* End PBXFileReference section */

/* Begin PBXFrameworksBuildPhase section */
		1F05538925155CEA009A6A6F /* Frameworks */ = {
			isa = PBXFrameworksBuildPhase;
			buildActionMask = 2147483647;
			files = (
				D08A70CEC327670902476BA4 /* Pods_fysh_ios.framework in Frameworks */,
			);
			runOnlyForDeploymentPostprocessing = 0;
		};
		1F05539F25155CEA009A6A6F /* Frameworks */ = {
			isa = PBXFrameworksBuildPhase;
			buildActionMask = 2147483647;
			files = (
				220452F64AE97FB69C857752 /* Pods_fysh_iosTests.framework in Frameworks */,
			);
			runOnlyForDeploymentPostprocessing = 0;
		};
/* End PBXFrameworksBuildPhase section */

/* Begin PBXGroup section */
		011EDB913E2B4A82AB06DD30 /* AmplifyConfig */ = {
			isa = PBXGroup;
			children = (
				F6E95CFAC41A4CA6B3745388 /* amplifytools.xcconfig */,
				A6D7A046D41D4BD2A9112CEB /* amplifyconfiguration.json */,
				0D5D53EC22094767A8B6EE7B /* awsconfiguration.json */,
				BA059666AF0A4C0C96190833 /* schema.graphql */,
			);
			name = AmplifyConfig;
			path = .;
			sourceTree = "<group>";
		};
		0608F4052533DCC20066FD0F /* SlideAnimator */ = {
			isa = PBXGroup;
			children = (
				0608F4062533DCE30066FD0F /* SlideInPresentationManager.swift */,
				0608F4082533DDAB0066FD0F /* SlideInPresentationController.swift */,
				0608F40A2533E1610066FD0F /* SlideInPresentationAnimator.swift */,
			);
			path = SlideAnimator;
			sourceTree = "<group>";
		};
		1F05538325155CEA009A6A6F = {
			isa = PBXGroup;
			children = (
				EBAD3C2DEF5943659DA3464A /* AmplifyModels */,
				011EDB913E2B4A82AB06DD30 /* AmplifyConfig */,
				1F05538E25155CEA009A6A6F /* fysh-ios */,
				1F0553A525155CEA009A6A6F /* fysh-iosTests */,
				1F05538D25155CEA009A6A6F /* Products */,
				AD1AC1354823E9F2FE26F478 /* Pods */,
				EF05DDC2C0235EBA8BA28C26 /* Frameworks */,
			);
			sourceTree = "<group>";
		};
		1F05538D25155CEA009A6A6F /* Products */ = {
			isa = PBXGroup;
			children = (
				1F05538C25155CEA009A6A6F /* fysh-ios.app */,
				1F0553A225155CEA009A6A6F /* fysh-iosTests.xctest */,
			);
			name = Products;
			sourceTree = "<group>";
		};
		1F05538E25155CEA009A6A6F /* fysh-ios */ = {
			isa = PBXGroup;
			children = (
				1F05538F25155CEA009A6A6F /* AppDelegate.swift */,
				1F05539325155CEA009A6A6F /* ViewController.swift */,
				0665AB1B2524D7160092A988 /* InputTemp.swift */,
				0665AB202525041C0092A988 /* InputTime.swift */,
				1FF392D1252A626100AA306B /* InputConfirmation.swift */,
				1F3450872553242700E1B702 /* Menu */,
				1FDBF032252C1D920063CA1B /* UI Extensions */,
				1FDBF033252C1E0A0063CA1B /* Others */,
				0608F4052533DCC20066FD0F /* SlideAnimator */,
				1F05539D25155CEA009A6A6F /* Info.plist */,
				1F59F56D251E9EEB00400A94 /* API.swift */,
				06FB148D252A33A90002F5CF /* DataModel.swift */,
				1F9D710F2537A2D100B747B2 /* map.geojson */,
			);
			path = "fysh-ios";
			sourceTree = "<group>";
		};
		1F0553A525155CEA009A6A6F /* fysh-iosTests */ = {
			isa = PBXGroup;
			children = (
				1F0553A625155CEA009A6A6F /* fysh_iosTests.swift */,
				1F0553A825155CEA009A6A6F /* Info.plist */,
			);
			path = "fysh-iosTests";
			sourceTree = "<group>";
		};
		1F3450872553242700E1B702 /* Menu */ = {
			isa = PBXGroup;
			children = (
				06751AAE252F3CD3006748AC /* Menu.swift */,
				067025A52538F9E400476256 /* AboutUsPage.swift */,
				576B176F253D526C00F1B02E /* HowToPage.swift */,
				3F5EBC4F255E15AF00C65F16 /* WebViewController.swift */,
			);
			path = Menu;
			sourceTree = "<group>";
		};
		1FDBF032252C1D920063CA1B /* UI Extensions */ = {
			isa = PBXGroup;
			children = (
				1F49F717253D38E400048A67 /* MapboxExtension.swift */,
				1F239D352518337100D5B048 /* ViewControllerUIExtension.swift */,
				0665AB1E252501240092A988 /* InputTempUIExtension.swift */,
				0665AB23252504350092A988 /* InputTimeUIExtension.swift */,
				1FF392D3252A62BD00AA306B /* InputConfirmationUIExtension.swift */,
				1F1EC95D25339BB700112563 /* UIButtonExtension.swift */,
				576B17A62547651700F1B02E /* AboutUsExtension.swift */,
				576B17AA25476EE600F1B02E /* HowToExtension.swift */,
				3F5EBC59255E2D1200C65F16 /* MenuUIExtension.swift */,
			);
			path = "UI Extensions";
			sourceTree = "<group>";
		};
		1FDBF033252C1E0A0063CA1B /* Others */ = {
			isa = PBXGroup;
			children = (
				1F05539525155CEA009A6A6F /* Main.storyboard */,
				1F05539825155CEA009A6A6F /* Assets.xcassets */,
				1F05539A25155CEA009A6A6F /* LaunchScreen.storyboard */,
			);
			path = Others;
			sourceTree = "<group>";
		};
		AD1AC1354823E9F2FE26F478 /* Pods */ = {
			isa = PBXGroup;
			children = (
				12691975F2E1F5787EFFDD84 /* Pods-fysh-ios.debug.xcconfig */,
				8F094499725E79738F4C16A7 /* Pods-fysh-ios.release.xcconfig */,
				FFEABDBFBD446463BFAD8161 /* Pods-fysh-iosTests.debug.xcconfig */,
				928CBC185E937DB82CF9A322 /* Pods-fysh-iosTests.release.xcconfig */,
			);
			path = Pods;
			sourceTree = "<group>";
		};
		EBAD3C2DEF5943659DA3464A /* AmplifyModels */ = {
			isa = PBXGroup;
			children = (
				19AF14F0EF6F400BB30DE2B3 /* AmplifyModels.swift */,
				0588482FE36D46B78ABFB2FB /* Record.swift */,
				CAA5E4DA161741CAA338ED54 /* Record+Schema.swift */,
			);
			name = AmplifyModels;
			path = .;
			sourceTree = "<group>";
		};
		EF05DDC2C0235EBA8BA28C26 /* Frameworks */ = {
			isa = PBXGroup;
			children = (
				7A1EA2F4245CF1DD14946299 /* Pods_fysh_ios.framework */,
				B07C264549EE6BE80B2DAFF0 /* Pods_fysh_iosTests.framework */,
			);
			name = Frameworks;
			sourceTree = "<group>";
		};
/* End PBXGroup section */

/* Begin PBXNativeTarget section */
		1F05538B25155CEA009A6A6F /* fysh-ios */ = {
			isa = PBXNativeTarget;
			buildConfigurationList = 1F0553AB25155CEA009A6A6F /* Build configuration list for PBXNativeTarget "fysh-ios" */;
			buildPhases = (
				27EE748E1F21186BD1A2A68E /* [CP] Check Pods Manifest.lock */,
				1F4D949125155D5600722752 /* Run Amplify Tools */,
				1F05538825155CEA009A6A6F /* Sources */,
				1F05538925155CEA009A6A6F /* Frameworks */,
				1F05538A25155CEA009A6A6F /* Resources */,
				95206BC228A9815339B572B9 /* [CP] Embed Pods Frameworks */,
			);
			buildRules = (
			);
			dependencies = (
			);
			name = "fysh-ios";
			productName = "fysh-ios";
			productReference = 1F05538C25155CEA009A6A6F /* fysh-ios.app */;
			productType = "com.apple.product-type.application";
		};
		1F0553A125155CEA009A6A6F /* fysh-iosTests */ = {
			isa = PBXNativeTarget;
			buildConfigurationList = 1F0553AE25155CEA009A6A6F /* Build configuration list for PBXNativeTarget "fysh-iosTests" */;
			buildPhases = (
				AF15EA30201454FA8A1DB942 /* [CP] Check Pods Manifest.lock */,
				1F05539E25155CEA009A6A6F /* Sources */,
				1F05539F25155CEA009A6A6F /* Frameworks */,
				1F0553A025155CEA009A6A6F /* Resources */,
			);
			buildRules = (
			);
			dependencies = (
				1F0553A425155CEA009A6A6F /* PBXTargetDependency */,
			);
			name = "fysh-iosTests";
			productName = "fysh-iosTests";
			productReference = 1F0553A225155CEA009A6A6F /* fysh-iosTests.xctest */;
			productType = "com.apple.product-type.bundle.unit-test";
		};
/* End PBXNativeTarget section */

/* Begin PBXProject section */
		1F05538425155CEA009A6A6F /* Project object */ = {
			isa = PBXProject;
			attributes = {
				LastSwiftUpdateCheck = 1170;
				LastUpgradeCheck = 1210;
				ORGANIZATIONNAME = "bucknell-csci479";
				TargetAttributes = {
					1F05538B25155CEA009A6A6F = {
						CreatedOnToolsVersion = 11.7;
					};
					1F0553A125155CEA009A6A6F = {
						CreatedOnToolsVersion = 11.7;
						TestTargetID = 1F05538B25155CEA009A6A6F;
					};
				};
			};
			buildConfigurationList = 1F05538725155CEA009A6A6F /* Build configuration list for PBXProject "fysh-ios" */;
			compatibilityVersion = "Xcode 9.3";
			developmentRegion = en;
			hasScannedForEncodings = 0;
			knownRegions = (
				en,
				Base,
			);
			mainGroup = 1F05538325155CEA009A6A6F;
			productRefGroup = 1F05538D25155CEA009A6A6F /* Products */;
			projectDirPath = "";
			projectRoot = "";
			targets = (
				1F05538B25155CEA009A6A6F /* fysh-ios */,
				1F0553A125155CEA009A6A6F /* fysh-iosTests */,
			);
		};
/* End PBXProject section */

/* Begin PBXResourcesBuildPhase section */
		1F05538A25155CEA009A6A6F /* Resources */ = {
			isa = PBXResourcesBuildPhase;
			buildActionMask = 2147483647;
			files = (
				1F05539C25155CEA009A6A6F /* LaunchScreen.storyboard in Resources */,
				1F05539925155CEA009A6A6F /* Assets.xcassets in Resources */,
				1F9D71102537A2D100B747B2 /* map.geojson in Resources */,
				1F05539725155CEA009A6A6F /* Main.storyboard in Resources */,
				3E11754BA26D4FAF8597EA19 /* amplifyconfiguration.json in Resources */,
				D5D0A61C825C43F2AA84EFF5 /* awsconfiguration.json in Resources */,
			);
			runOnlyForDeploymentPostprocessing = 0;
		};
		1F0553A025155CEA009A6A6F /* Resources */ = {
			isa = PBXResourcesBuildPhase;
			buildActionMask = 2147483647;
			files = (
			);
			runOnlyForDeploymentPostprocessing = 0;
		};
/* End PBXResourcesBuildPhase section */

/* Begin PBXShellScriptBuildPhase section */
		1F4D949125155D5600722752 /* Run Amplify Tools */ = {
			isa = PBXShellScriptBuildPhase;
			buildActionMask = 2147483647;
			files = (
			);
			inputFileListPaths = (
			);
			inputPaths = (
			);
			name = "Run Amplify Tools";
			outputFileListPaths = (
			);
			outputPaths = (
			);
			runOnlyForDeploymentPostprocessing = 0;
			shellPath = /bin/sh;
			shellScript = "\"${PODS_ROOT}/AmplifyTools/amplify-tools.sh\"\n";
		};
		27EE748E1F21186BD1A2A68E /* [CP] Check Pods Manifest.lock */ = {
			isa = PBXShellScriptBuildPhase;
			buildActionMask = 2147483647;
			files = (
			);
			inputFileListPaths = (
			);
			inputPaths = (
				"${PODS_PODFILE_DIR_PATH}/Podfile.lock",
				"${PODS_ROOT}/Manifest.lock",
			);
			name = "[CP] Check Pods Manifest.lock";
			outputFileListPaths = (
			);
			outputPaths = (
				"$(DERIVED_FILE_DIR)/Pods-fysh-ios-checkManifestLockResult.txt",
			);
			runOnlyForDeploymentPostprocessing = 0;
			shellPath = /bin/sh;
			shellScript = "diff \"${PODS_PODFILE_DIR_PATH}/Podfile.lock\" \"${PODS_ROOT}/Manifest.lock\" > /dev/null\nif [ $? != 0 ] ; then\n    # print error to STDERR\n    echo \"error: The sandbox is not in sync with the Podfile.lock. Run 'pod install' or update your CocoaPods installation.\" >&2\n    exit 1\nfi\n# This output is used by Xcode 'outputs' to avoid re-running this script phase.\necho \"SUCCESS\" > \"${SCRIPT_OUTPUT_FILE_0}\"\n";
			showEnvVarsInLog = 0;
		};
		95206BC228A9815339B572B9 /* [CP] Embed Pods Frameworks */ = {
			isa = PBXShellScriptBuildPhase;
			buildActionMask = 2147483647;
			files = (
			);
			inputFileListPaths = (
				"${PODS_ROOT}/Target Support Files/Pods-fysh-ios/Pods-fysh-ios-frameworks-${CONFIGURATION}-input-files.xcfilelist",
			);
			name = "[CP] Embed Pods Frameworks";
			outputFileListPaths = (
				"${PODS_ROOT}/Target Support Files/Pods-fysh-ios/Pods-fysh-ios-frameworks-${CONFIGURATION}-output-files.xcfilelist",
			);
			runOnlyForDeploymentPostprocessing = 0;
			shellPath = /bin/sh;
			shellScript = "\"${PODS_ROOT}/Target Support Files/Pods-fysh-ios/Pods-fysh-ios-frameworks.sh\"\n";
			showEnvVarsInLog = 0;
		};
		AF15EA30201454FA8A1DB942 /* [CP] Check Pods Manifest.lock */ = {
			isa = PBXShellScriptBuildPhase;
			buildActionMask = 2147483647;
			files = (
			);
			inputFileListPaths = (
			);
			inputPaths = (
				"${PODS_PODFILE_DIR_PATH}/Podfile.lock",
				"${PODS_ROOT}/Manifest.lock",
			);
			name = "[CP] Check Pods Manifest.lock";
			outputFileListPaths = (
			);
			outputPaths = (
				"$(DERIVED_FILE_DIR)/Pods-fysh-iosTests-checkManifestLockResult.txt",
			);
			runOnlyForDeploymentPostprocessing = 0;
			shellPath = /bin/sh;
			shellScript = "diff \"${PODS_PODFILE_DIR_PATH}/Podfile.lock\" \"${PODS_ROOT}/Manifest.lock\" > /dev/null\nif [ $? != 0 ] ; then\n    # print error to STDERR\n    echo \"error: The sandbox is not in sync with the Podfile.lock. Run 'pod install' or update your CocoaPods installation.\" >&2\n    exit 1\nfi\n# This output is used by Xcode 'outputs' to avoid re-running this script phase.\necho \"SUCCESS\" > \"${SCRIPT_OUTPUT_FILE_0}\"\n";
			showEnvVarsInLog = 0;
		};
/* End PBXShellScriptBuildPhase section */

/* Begin PBXSourcesBuildPhase section */
		1F05538825155CEA009A6A6F /* Sources */ = {
			isa = PBXSourcesBuildPhase;
			buildActionMask = 2147483647;
			files = (
				067025A62538F9E400476256 /* AboutUsPage.swift in Sources */,
				1F239D362518337100D5B048 /* ViewControllerUIExtension.swift in Sources */,
				1F05539425155CEA009A6A6F /* ViewController.swift in Sources */,
				0665AB1C2524D7160092A988 /* InputTemp.swift in Sources */,
				0665AB24252504350092A988 /* InputTimeUIExtension.swift in Sources */,
				1F05539025155CEA009A6A6F /* AppDelegate.swift in Sources */,
				1F1EC95E25339BB700112563 /* UIButtonExtension.swift in Sources */,
				1FF392D4252A63F600AA306B /* InputConfirmationUIExtension.swift in Sources */,
				576B17AB25476EE600F1B02E /* HowToExtension.swift in Sources */,
				576B1770253D526C00F1B02E /* HowToPage.swift in Sources */,
				0608F40B2533E1610066FD0F /* SlideInPresentationAnimator.swift in Sources */,
				3F5EBC50255E15AF00C65F16 /* WebViewController.swift in Sources */,
				0608F4072533DCE30066FD0F /* SlideInPresentationManager.swift in Sources */,
				06FB148E252A33A90002F5CF /* DataModel.swift in Sources */,
				0665AB1F252501240092A988 /* InputTempUIExtension.swift in Sources */,
				1FF392D2252A626100AA306B /* InputConfirmation.swift in Sources */,
				3F5EBC5A255E2D1200C65F16 /* MenuUIExtension.swift in Sources */,
				06751AAF252F3CD3006748AC /* Menu.swift in Sources */,
				68123E9CDF1A44699BBDBF1A /* AmplifyModels.swift in Sources */,
				068BFC7D6A8E4773B9090CE1 /* Record.swift in Sources */,
				0665AB212525041C0092A988 /* InputTime.swift in Sources */,
				576B17A72547651700F1B02E /* AboutUsExtension.swift in Sources */,
				1F49F718253D38E400048A67 /* MapboxExtension.swift in Sources */,
				1F59F56E251E9EEB00400A94 /* API.swift in Sources */,
				0608F4092533DDAB0066FD0F /* SlideInPresentationController.swift in Sources */,
				C0D1B2433BDF43668E3E74D1 /* Record+Schema.swift in Sources */,
			);
			runOnlyForDeploymentPostprocessing = 0;
		};
		1F05539E25155CEA009A6A6F /* Sources */ = {
			isa = PBXSourcesBuildPhase;
			buildActionMask = 2147483647;
			files = (
				1F0553A725155CEA009A6A6F /* fysh_iosTests.swift in Sources */,
				0665AB222525041C0092A988 /* InputTime.swift in Sources */,
				0665AB25252504350092A988 /* InputTimeUIExtension.swift in Sources */,
				0665AB1D2524D7160092A988 /* InputTemp.swift in Sources */,
				06751AB0252F3CD3006748AC /* Menu.swift in Sources */,
			);
			runOnlyForDeploymentPostprocessing = 0;
		};
/* End PBXSourcesBuildPhase section */

/* Begin PBXTargetDependency section */
		1F0553A425155CEA009A6A6F /* PBXTargetDependency */ = {
			isa = PBXTargetDependency;
			target = 1F05538B25155CEA009A6A6F /* fysh-ios */;
			targetProxy = 1F0553A325155CEA009A6A6F /* PBXContainerItemProxy */;
		};
/* End PBXTargetDependency section */

/* Begin PBXVariantGroup section */
		1F05539525155CEA009A6A6F /* Main.storyboard */ = {
			isa = PBXVariantGroup;
			children = (
				1F05539625155CEA009A6A6F /* Base */,
			);
			name = Main.storyboard;
			sourceTree = "<group>";
		};
		1F05539A25155CEA009A6A6F /* LaunchScreen.storyboard */ = {
			isa = PBXVariantGroup;
			children = (
				1F05539B25155CEA009A6A6F /* Base */,
			);
			name = LaunchScreen.storyboard;
			sourceTree = "<group>";
		};
/* End PBXVariantGroup section */

/* Begin XCBuildConfiguration section */
		1F0553A925155CEA009A6A6F /* Debug */ = {
			isa = XCBuildConfiguration;
			buildSettings = {
				ALWAYS_SEARCH_USER_PATHS = NO;
				CLANG_ANALYZER_NONNULL = YES;
				CLANG_ANALYZER_NUMBER_OBJECT_CONVERSION = YES_AGGRESSIVE;
				CLANG_CXX_LANGUAGE_STANDARD = "gnu++14";
				CLANG_CXX_LIBRARY = "libc++";
				CLANG_ENABLE_MODULES = YES;
				CLANG_ENABLE_OBJC_ARC = YES;
				CLANG_ENABLE_OBJC_WEAK = YES;
				CLANG_WARN_BLOCK_CAPTURE_AUTORELEASING = YES;
				CLANG_WARN_BOOL_CONVERSION = YES;
				CLANG_WARN_COMMA = YES;
				CLANG_WARN_CONSTANT_CONVERSION = YES;
				CLANG_WARN_DEPRECATED_OBJC_IMPLEMENTATIONS = YES;
				CLANG_WARN_DIRECT_OBJC_ISA_USAGE = YES_ERROR;
				CLANG_WARN_DOCUMENTATION_COMMENTS = YES;
				CLANG_WARN_EMPTY_BODY = YES;
				CLANG_WARN_ENUM_CONVERSION = YES;
				CLANG_WARN_INFINITE_RECURSION = YES;
				CLANG_WARN_INT_CONVERSION = YES;
				CLANG_WARN_NON_LITERAL_NULL_CONVERSION = YES;
				CLANG_WARN_OBJC_IMPLICIT_RETAIN_SELF = YES;
				CLANG_WARN_OBJC_LITERAL_CONVERSION = YES;
				CLANG_WARN_OBJC_ROOT_CLASS = YES_ERROR;
				CLANG_WARN_QUOTED_INCLUDE_IN_FRAMEWORK_HEADER = YES;
				CLANG_WARN_RANGE_LOOP_ANALYSIS = YES;
				CLANG_WARN_STRICT_PROTOTYPES = YES;
				CLANG_WARN_SUSPICIOUS_MOVE = YES;
				CLANG_WARN_UNGUARDED_AVAILABILITY = YES_AGGRESSIVE;
				CLANG_WARN_UNREACHABLE_CODE = YES;
				CLANG_WARN__DUPLICATE_METHOD_MATCH = YES;
				COPY_PHASE_STRIP = NO;
				DEBUG_INFORMATION_FORMAT = dwarf;
				ENABLE_STRICT_OBJC_MSGSEND = YES;
				ENABLE_TESTABILITY = YES;
				GCC_C_LANGUAGE_STANDARD = gnu11;
				GCC_DYNAMIC_NO_PIC = NO;
				GCC_NO_COMMON_BLOCKS = YES;
				GCC_OPTIMIZATION_LEVEL = 0;
				GCC_PREPROCESSOR_DEFINITIONS = (
					"DEBUG=1",
					"$(inherited)",
				);
				GCC_WARN_64_TO_32_BIT_CONVERSION = YES;
				GCC_WARN_ABOUT_RETURN_TYPE = YES_ERROR;
				GCC_WARN_UNDECLARED_SELECTOR = YES;
				GCC_WARN_UNINITIALIZED_AUTOS = YES_AGGRESSIVE;
				GCC_WARN_UNUSED_FUNCTION = YES;
				GCC_WARN_UNUSED_VARIABLE = YES;
				IPHONEOS_DEPLOYMENT_TARGET = 11.0;
				MTL_ENABLE_DEBUG_INFO = INCLUDE_SOURCE;
				MTL_FAST_MATH = YES;
				ONLY_ACTIVE_ARCH = YES;
				SDKROOT = iphoneos;
				SWIFT_ACTIVE_COMPILATION_CONDITIONS = DEBUG;
				SWIFT_OPTIMIZATION_LEVEL = "-Onone";
			};
			name = Debug;
		};
		1F0553AA25155CEA009A6A6F /* Release */ = {
			isa = XCBuildConfiguration;
			buildSettings = {
				ALWAYS_SEARCH_USER_PATHS = NO;
				CLANG_ANALYZER_NONNULL = YES;
				CLANG_ANALYZER_NUMBER_OBJECT_CONVERSION = YES_AGGRESSIVE;
				CLANG_CXX_LANGUAGE_STANDARD = "gnu++14";
				CLANG_CXX_LIBRARY = "libc++";
				CLANG_ENABLE_MODULES = YES;
				CLANG_ENABLE_OBJC_ARC = YES;
				CLANG_ENABLE_OBJC_WEAK = YES;
				CLANG_WARN_BLOCK_CAPTURE_AUTORELEASING = YES;
				CLANG_WARN_BOOL_CONVERSION = YES;
				CLANG_WARN_COMMA = YES;
				CLANG_WARN_CONSTANT_CONVERSION = YES;
				CLANG_WARN_DEPRECATED_OBJC_IMPLEMENTATIONS = YES;
				CLANG_WARN_DIRECT_OBJC_ISA_USAGE = YES_ERROR;
				CLANG_WARN_DOCUMENTATION_COMMENTS = YES;
				CLANG_WARN_EMPTY_BODY = YES;
				CLANG_WARN_ENUM_CONVERSION = YES;
				CLANG_WARN_INFINITE_RECURSION = YES;
				CLANG_WARN_INT_CONVERSION = YES;
				CLANG_WARN_NON_LITERAL_NULL_CONVERSION = YES;
				CLANG_WARN_OBJC_IMPLICIT_RETAIN_SELF = YES;
				CLANG_WARN_OBJC_LITERAL_CONVERSION = YES;
				CLANG_WARN_OBJC_ROOT_CLASS = YES_ERROR;
				CLANG_WARN_QUOTED_INCLUDE_IN_FRAMEWORK_HEADER = YES;
				CLANG_WARN_RANGE_LOOP_ANALYSIS = YES;
				CLANG_WARN_STRICT_PROTOTYPES = YES;
				CLANG_WARN_SUSPICIOUS_MOVE = YES;
				CLANG_WARN_UNGUARDED_AVAILABILITY = YES_AGGRESSIVE;
				CLANG_WARN_UNREACHABLE_CODE = YES;
				CLANG_WARN__DUPLICATE_METHOD_MATCH = YES;
				COPY_PHASE_STRIP = NO;
				DEBUG_INFORMATION_FORMAT = "dwarf-with-dsym";
				ENABLE_NS_ASSERTIONS = NO;
				ENABLE_STRICT_OBJC_MSGSEND = YES;
				GCC_C_LANGUAGE_STANDARD = gnu11;
				GCC_NO_COMMON_BLOCKS = YES;
				GCC_WARN_64_TO_32_BIT_CONVERSION = YES;
				GCC_WARN_ABOUT_RETURN_TYPE = YES_ERROR;
				GCC_WARN_UNDECLARED_SELECTOR = YES;
				GCC_WARN_UNINITIALIZED_AUTOS = YES_AGGRESSIVE;
				GCC_WARN_UNUSED_FUNCTION = YES;
				GCC_WARN_UNUSED_VARIABLE = YES;
				IPHONEOS_DEPLOYMENT_TARGET = 11.0;
				MTL_ENABLE_DEBUG_INFO = NO;
				MTL_FAST_MATH = YES;
				SDKROOT = iphoneos;
				SWIFT_COMPILATION_MODE = wholemodule;
				SWIFT_OPTIMIZATION_LEVEL = "-O";
				VALIDATE_PRODUCT = YES;
			};
			name = Release;
		};
		1F0553AC25155CEA009A6A6F /* Debug */ = {
			isa = XCBuildConfiguration;
			baseConfigurationReference = 12691975F2E1F5787EFFDD84 /* Pods-fysh-ios.debug.xcconfig */;
			buildSettings = {
				ASSETCATALOG_COMPILER_APPICON_NAME = AppIcon;
				CODE_SIGN_IDENTITY = "Apple Development";
				CODE_SIGN_STYLE = Automatic;
				DEVELOPMENT_TEAM = FBGNH4QSBU;
				INFOPLIST_FILE = "fysh-ios/Info.plist";
				IPHONEOS_DEPLOYMENT_TARGET = 11.0;
				LD_RUNPATH_SEARCH_PATHS = (
					"$(inherited)",
					"@executable_path/Frameworks",
				);
				PRODUCT_BUNDLE_IDENTIFIER = "com.bucknell.fysh-ios-low";
				PRODUCT_NAME = "$(TARGET_NAME)";
				PROVISIONING_PROFILE_SPECIFIER = "";
				SWIFT_VERSION = 5.0;
				TARGETED_DEVICE_FAMILY = "1,2";
			};
			name = Debug;
		};
		1F0553AD25155CEA009A6A6F /* Release */ = {
			isa = XCBuildConfiguration;
			baseConfigurationReference = 8F094499725E79738F4C16A7 /* Pods-fysh-ios.release.xcconfig */;
			buildSettings = {
				ASSETCATALOG_COMPILER_APPICON_NAME = AppIcon;
				CODE_SIGN_IDENTITY = "Apple Development";
				CODE_SIGN_STYLE = Automatic;
				DEVELOPMENT_TEAM = FBGNH4QSBU;
				INFOPLIST_FILE = "fysh-ios/Info.plist";
				IPHONEOS_DEPLOYMENT_TARGET = 11.0;
				LD_RUNPATH_SEARCH_PATHS = (
					"$(inherited)",
					"@executable_path/Frameworks",
				);
				PRODUCT_BUNDLE_IDENTIFIER = "com.bucknell.fysh-ios-low";
				PRODUCT_NAME = "$(TARGET_NAME)";
				PROVISIONING_PROFILE_SPECIFIER = "";
				SWIFT_VERSION = 5.0;
				TARGETED_DEVICE_FAMILY = "1,2";
			};
			name = Release;
		};
		1F0553AF25155CEA009A6A6F /* Debug */ = {
			isa = XCBuildConfiguration;
			baseConfigurationReference = FFEABDBFBD446463BFAD8161 /* Pods-fysh-iosTests.debug.xcconfig */;
			buildSettings = {
				ALWAYS_EMBED_SWIFT_STANDARD_LIBRARIES = YES;
				BUNDLE_LOADER = "$(TEST_HOST)";
				CODE_SIGN_STYLE = Automatic;
				DEVELOPMENT_TEAM = 3F483VPL7Y;
				INFOPLIST_FILE = "fysh-iosTests/Info.plist";
				IPHONEOS_DEPLOYMENT_TARGET = 13.7;
				LD_RUNPATH_SEARCH_PATHS = (
					"$(inherited)",
					"@executable_path/Frameworks",
					"@loader_path/Frameworks",
				);
				PRODUCT_BUNDLE_IDENTIFIER = "com.bucknell-csci479.fysh-iosTests";
				PRODUCT_NAME = "$(TARGET_NAME)";
				SWIFT_VERSION = 5.0;
				TARGETED_DEVICE_FAMILY = "1,2";
				TEST_HOST = "$(BUILT_PRODUCTS_DIR)/fysh-ios.app/fysh-ios";
			};
			name = Debug;
		};
		1F0553B025155CEA009A6A6F /* Release */ = {
			isa = XCBuildConfiguration;
			baseConfigurationReference = 928CBC185E937DB82CF9A322 /* Pods-fysh-iosTests.release.xcconfig */;
			buildSettings = {
				ALWAYS_EMBED_SWIFT_STANDARD_LIBRARIES = YES;
				BUNDLE_LOADER = "$(TEST_HOST)";
				CODE_SIGN_STYLE = Automatic;
				DEVELOPMENT_TEAM = 3F483VPL7Y;
				INFOPLIST_FILE = "fysh-iosTests/Info.plist";
				IPHONEOS_DEPLOYMENT_TARGET = 13.7;
				LD_RUNPATH_SEARCH_PATHS = (
					"$(inherited)",
					"@executable_path/Frameworks",
					"@loader_path/Frameworks",
				);
				PRODUCT_BUNDLE_IDENTIFIER = "com.bucknell-csci479.fysh-iosTests";
				PRODUCT_NAME = "$(TARGET_NAME)";
				SWIFT_VERSION = 5.0;
				TARGETED_DEVICE_FAMILY = "1,2";
				TEST_HOST = "$(BUILT_PRODUCTS_DIR)/fysh-ios.app/fysh-ios";
			};
			name = Release;
		};
/* End XCBuildConfiguration section */

/* Begin XCConfigurationList section */
		1F05538725155CEA009A6A6F /* Build configuration list for PBXProject "fysh-ios" */ = {
			isa = XCConfigurationList;
			buildConfigurations = (
				1F0553A925155CEA009A6A6F /* Debug */,
				1F0553AA25155CEA009A6A6F /* Release */,
			);
			defaultConfigurationIsVisible = 0;
			defaultConfigurationName = Release;
		};
		1F0553AB25155CEA009A6A6F /* Build configuration list for PBXNativeTarget "fysh-ios" */ = {
			isa = XCConfigurationList;
			buildConfigurations = (
				1F0553AC25155CEA009A6A6F /* Debug */,
				1F0553AD25155CEA009A6A6F /* Release */,
			);
			defaultConfigurationIsVisible = 0;
			defaultConfigurationName = Release;
		};
		1F0553AE25155CEA009A6A6F /* Build configuration list for PBXNativeTarget "fysh-iosTests" */ = {
			isa = XCConfigurationList;
			buildConfigurations = (
				1F0553AF25155CEA009A6A6F /* Debug */,
				1F0553B025155CEA009A6A6F /* Release */,
			);
			defaultConfigurationIsVisible = 0;
			defaultConfigurationName = Release;
		};
/* End XCConfigurationList section */
	};
	rootObject = 1F05538425155CEA009A6A6F /* Project object */;
}
